// !$*UTF8*$!
{
	archiveVersion = 1;
	classes = {
	};
	objectVersion = 46;
	objects = {

/* Begin PBXBuildFile section */
		65C8CDBB1B414DBD009A1B6B /* main.m in Sources */ = {isa = PBXBuildFile; fileRef = 65C8CDBA1B414DBD009A1B6B /* main.m */; };
		65C8CDBE1B414DBD009A1B6B /* AppDelegate.m in Sources */ = {isa = PBXBuildFile; fileRef = 65C8CDBD1B414DBD009A1B6B /* AppDelegate.m */; };
		65C8CDC11B414DBD009A1B6B /* ViewController.m in Sources */ = {isa = PBXBuildFile; fileRef = 65C8CDC01B414DBD009A1B6B /* ViewController.m */; };
		65C8CDC41B414DBD009A1B6B /* Main.storyboard in Resources */ = {isa = PBXBuildFile; fileRef = 65C8CDC21B414DBD009A1B6B /* Main.storyboard */; };
		65C8CDC61B414DBD009A1B6B /* Images.xcassets in Resources */ = {isa = PBXBuildFile; fileRef = 65C8CDC51B414DBD009A1B6B /* Images.xcassets */; };
		65C8CDC91B414DBD009A1B6B /* LaunchScreen.xib in Resources */ = {isa = PBXBuildFile; fileRef = 65C8CDC71B414DBD009A1B6B /* LaunchScreen.xib */; };
		65C8CDD51B414DBD009A1B6B /* GestureRecognizerLearningsTests.m in Sources */ = {isa = PBXBuildFile; fileRef = 65C8CDD41B414DBD009A1B6B /* GestureRecognizerLearningsTests.m */; };
		65C8CDE41B414E24009A1B6B /* banana.png in Resources */ = {isa = PBXBuildFile; fileRef = 65C8CDDE1B414E24009A1B6B /* banana.png */; };
		65C8CDE51B414E24009A1B6B /* banana@2x.png in Resources */ = {isa = PBXBuildFile; fileRef = 65C8CDDF1B414E24009A1B6B /* banana@2x.png */; };
		65C8CDE61B414E24009A1B6B /* chomp.caf in Resources */ = {isa = PBXBuildFile; fileRef = 65C8CDE01B414E24009A1B6B /* chomp.caf */; };
		65C8CDE71B414E24009A1B6B /* hehehe1.caf in Resources */ = {isa = PBXBuildFile; fileRef = 65C8CDE11B414E24009A1B6B /* hehehe1.caf */; };
		65C8CDE81B414E24009A1B6B /* monkey.png in Resources */ = {isa = PBXBuildFile; fileRef = 65C8CDE21B414E24009A1B6B /* monkey.png */; };
		65C8CDE91B414E24009A1B6B /* monkey@2x.png in Resources */ = {isa = PBXBuildFile; fileRef = 65C8CDE31B414E24009A1B6B /* monkey@2x.png */; };
/* End PBXBuildFile section */

/* Begin PBXContainerItemProxy section */
		65C8CDCF1B414DBD009A1B6B /* PBXContainerItemProxy */ = {
			isa = PBXContainerItemProxy;
			containerPortal = 65C8CDAD1B414DBD009A1B6B /* Project object */;
			proxyType = 1;
			remoteGlobalIDString = 65C8CDB41B414DBD009A1B6B;
			remoteInfo = GestureRecognizerLearnings;
		};
/* End PBXContainerItemProxy section */

/* Begin PBXFileReference section */
		65C8CDB51B414DBD009A1B6B /* GestureRecognizerLearnings.app */ = {isa = PBXFileReference; explicitFileType = wrapper.application; includeInIndex = 0; path = GestureRecognizerLearnings.app; sourceTree = BUILT_PRODUCTS_DIR; };
		65C8CDB91B414DBD009A1B6B /* Info.plist */ = {isa = PBXFileReference; lastKnownFileType = text.plist.xml; path = Info.plist; sourceTree = "<group>"; };
		65C8CDBA1B414DBD009A1B6B /* main.m */ = {isa = PBXFileReference; lastKnownFileType = sourcecode.c.objc; path = main.m; sourceTree = "<group>"; };
		65C8CDBC1B414DBD009A1B6B /* AppDelegate.h */ = {isa = PBXFileReference; lastKnownFileType = sourcecode.c.h; path = AppDelegate.h; sourceTree = "<group>"; };
		65C8CDBD1B414DBD009A1B6B /* AppDelegate.m */ = {isa = PBXFileReference; lastKnownFileType = sourcecode.c.objc; path = AppDelegate.m; sourceTree = "<group>"; };
		65C8CDBF1B414DBD009A1B6B /* ViewController.h */ = {isa = PBXFileReference; lastKnownFileType = sourcecode.c.h; path = ViewController.h; sourceTree = "<group>"; };
		65C8CDC01B414DBD009A1B6B /* ViewController.m */ = {isa = PBXFileReference; lastKnownFileType = sourcecode.c.objc; path = ViewController.m; sourceTree = "<group>"; };
		65C8CDC31B414DBD009A1B6B /* Base */ = {isa = PBXFileReference; lastKnownFileType = file.storyboard; name = Base; path = Base.lproj/Main.storyboard; sourceTree = "<group>"; };
		65C8CDC51B414DBD009A1B6B /* Images.xcassets */ = {isa = PBXFileReference; lastKnownFileType = folder.assetcatalog; path = Images.xcassets; sourceTree = "<group>"; };
		65C8CDC81B414DBD009A1B6B /* Base */ = {isa = PBXFileReference; lastKnownFileType = file.xib; name = Base; path = Base.lproj/LaunchScreen.xib; sourceTree = "<group>"; };
		65C8CDCE1B414DBD009A1B6B /* GestureRecognizerLearningsTests.xctest */ = {isa = PBXFileReference; explicitFileType = wrapper.cfbundle; includeInIndex = 0; path = GestureRecognizerLearningsTests.xctest; sourceTree = BUILT_PRODUCTS_DIR; };
		65C8CDD31B414DBD009A1B6B /* Info.plist */ = {isa = PBXFileReference; lastKnownFileType = text.plist.xml; path = Info.plist; sourceTree = "<group>"; };
		65C8CDD41B414DBD009A1B6B /* GestureRecognizerLearningsTests.m */ = {isa = PBXFileReference; lastKnownFileType = sourcecode.c.objc; path = GestureRecognizerLearningsTests.m; sourceTree = "<group>"; };
		65C8CDDE1B414E24009A1B6B /* banana.png */ = {isa = PBXFileReference; lastKnownFileType = image.png; path = banana.png; sourceTree = "<group>"; };
		65C8CDDF1B414E24009A1B6B /* banana@2x.png */ = {isa = PBXFileReference; lastKnownFileType = image.png; path = "banana@2x.png"; sourceTree = "<group>"; };
		65C8CDE01B414E24009A1B6B /* chomp.caf */ = {isa = PBXFileReference; lastKnownFileType = file; path = chomp.caf; sourceTree = "<group>"; };
		65C8CDE11B414E24009A1B6B /* hehehe1.caf */ = {isa = PBXFileReference; lastKnownFileType = file; path = hehehe1.caf; sourceTree = "<group>"; };
		65C8CDE21B414E24009A1B6B /* monkey.png */ = {isa = PBXFileReference; lastKnownFileType = image.png; path = monkey.png; sourceTree = "<group>"; };
		65C8CDE31B414E24009A1B6B /* monkey@2x.png */ = {isa = PBXFileReference; lastKnownFileType = image.png; path = "monkey@2x.png"; sourceTree = "<group>"; };
/* End PBXFileReference section */

/* Begin PBXFrameworksBuildPhase section */
		65C8CDB21B414DBD009A1B6B /* Frameworks */ = {
			isa = PBXFrameworksBuildPhase;
			buildActionMask = 2147483647;
			files = (
			);
			runOnlyForDeploymentPostprocessing = 0;
		};
		65C8CDCB1B414DBD009A1B6B /* Frameworks */ = {
			isa = PBXFrameworksBuildPhase;
			buildActionMask = 2147483647;
			files = (
			);
			runOnlyForDeploymentPostprocessing = 0;
		};
/* End PBXFrameworksBuildPhase section */

/* Begin PBXGroup section */
		65C8CDAC1B414DBD009A1B6B = {
			isa = PBXGroup;
			children = (
				65C8CDEA1B414E2C009A1B6B /* Resources */,
				65C8CDB71B414DBD009A1B6B /* GestureRecognizerLearnings */,
				65C8CDD11B414DBD009A1B6B /* GestureRecognizerLearningsTests */,
				65C8CDB61B414DBD009A1B6B /* Products */,
			);
			sourceTree = "<group>";
		};
		65C8CDB61B414DBD009A1B6B /* Products */ = {
			isa = PBXGroup;
			children = (
				65C8CDB51B414DBD009A1B6B /* GestureRecognizerLearnings.app */,
				65C8CDCE1B414DBD009A1B6B /* GestureRecognizerLearningsTests.xctest */,
			);
			name = Products;
			sourceTree = "<group>";
		};
		65C8CDB71B414DBD009A1B6B /* GestureRecognizerLearnings */ = {
			isa = PBXGroup;
			children = (
				65C8CDBC1B414DBD009A1B6B /* AppDelegate.h */,
				65C8CDBD1B414DBD009A1B6B /* AppDelegate.m */,
				65C8CDBF1B414DBD009A1B6B /* ViewController.h */,
				65C8CDC01B414DBD009A1B6B /* ViewController.m */,
				65C8CDC21B414DBD009A1B6B /* Main.storyboard */,
				65C8CDC51B414DBD009A1B6B /* Images.xcassets */,
				65C8CDC71B414DBD009A1B6B /* LaunchScreen.xib */,
				65C8CDB81B414DBD009A1B6B /* Supporting Files */,
			);
			path = GestureRecognizerLearnings;
			sourceTree = "<group>";
		};
		65C8CDB81B414DBD009A1B6B /* Supporting Files */ = {
			isa = PBXGroup;
			children = (
				65C8CDB91B414DBD009A1B6B /* Info.plist */,
				65C8CDBA1B414DBD009A1B6B /* main.m */,
			);
			name = "Supporting Files";
			sourceTree = "<group>";
		};
		65C8CDD11B414DBD009A1B6B /* GestureRecognizerLearningsTests */ = {
			isa = PBXGroup;
			children = (
				65C8CDD41B414DBD009A1B6B /* GestureRecognizerLearningsTests.m */,
				65C8CDD21B414DBD009A1B6B /* Supporting Files */,
			);
			path = GestureRecognizerLearningsTests;
			sourceTree = "<group>";
		};
		65C8CDD21B414DBD009A1B6B /* Supporting Files */ = {
			isa = PBXGroup;
			children = (
				65C8CDD31B414DBD009A1B6B /* Info.plist */,
			);
			name = "Supporting Files";
			sourceTree = "<group>";
		};
		65C8CDEA1B414E2C009A1B6B /* Resources */ = {
			isa = PBXGroup;
			children = (
				65C8CDDE1B414E24009A1B6B /* banana.png */,
				65C8CDDF1B414E24009A1B6B /* banana@2x.png */,
				65C8CDE01B414E24009A1B6B /* chomp.caf */,
				65C8CDE11B414E24009A1B6B /* hehehe1.caf */,
				65C8CDE21B414E24009A1B6B /* monkey.png */,
				65C8CDE31B414E24009A1B6B /* monkey@2x.png */,
			);
			name = Resources;
			sourceTree = "<group>";
		};
/* End PBXGroup section */

/* Begin PBXNativeTarget section */
		65C8CDB41B414DBD009A1B6B /* GestureRecognizerLearnings */ = {
			isa = PBXNativeTarget;
			buildConfigurationList = 65C8CDD81B414DBD009A1B6B /* Build configuration list for PBXNativeTarget "GestureRecognizerLearnings" */;
			buildPhases = (
				65C8CDB11B414DBD009A1B6B /* Sources */,
				65C8CDB21B414DBD009A1B6B /* Frameworks */,
				65C8CDB31B414DBD009A1B6B /* Resources */,
			);
			buildRules = (
			);
			dependencies = (
			);
			name = GestureRecognizerLearnings;
			productName = GestureRecognizerLearnings;
			productReference = 65C8CDB51B414DBD009A1B6B /* GestureRecognizerLearnings.app */;
			productType = "com.apple.product-type.application";
		};
		65C8CDCD1B414DBD009A1B6B /* GestureRecognizerLearningsTests */ = {
			isa = PBXNativeTarget;
			buildConfigurationList = 65C8CDDB1B414DBD009A1B6B /* Build configuration list for PBXNativeTarget "GestureRecognizerLearningsTests" */;
			buildPhases = (
				65C8CDCA1B414DBD009A1B6B /* Sources */,
				65C8CDCB1B414DBD009A1B6B /* Frameworks */,
				65C8CDCC1B414DBD009A1B6B /* Resources */,
			);
			buildRules = (
			);
			dependencies = (
				65C8CDD01B414DBD009A1B6B /* PBXTargetDependency */,
			);
			name = GestureRecognizerLearningsTests;
			productName = GestureRecognizerLearningsTests;
			productReference = 65C8CDCE1B414DBD009A1B6B /* GestureRecognizerLearningsTests.xctest */;
			productType = "com.apple.product-type.bundle.unit-test";
		};
/* End PBXNativeTarget section */

/* Begin PBXProject section */
		65C8CDAD1B414DBD009A1B6B /* Project object */ = {
			isa = PBXProject;
			attributes = {
				LastUpgradeCheck = 0630;
				ORGANIZATIONNAME = "Angelo Lobo";
				TargetAttributes = {
					65C8CDB41B414DBD009A1B6B = {
						CreatedOnToolsVersion = 6.3.2;
					};
					65C8CDCD1B414DBD009A1B6B = {
						CreatedOnToolsVersion = 6.3.2;
						TestTargetID = 65C8CDB41B414DBD009A1B6B;
					};
				};
			};
			buildConfigurationList = 65C8CDB01B414DBD009A1B6B /* Build configuration list for PBXProject "GestureRecognizerLearnings" */;
			compatibilityVersion = "Xcode 3.2";
			developmentRegion = English;
			hasScannedForEncodings = 0;
			knownRegions = (
				en,
				Base,
			);
			mainGroup = 65C8CDAC1B414DBD009A1B6B;
			productRefGroup = 65C8CDB61B414DBD009A1B6B /* Products */;
			projectDirPath = "";
			projectRoot = "";
			targets = (
				65C8CDB41B414DBD009A1B6B /* GestureRecognizerLearnings */,
				65C8CDCD1B414DBD009A1B6B /* GestureRecognizerLearningsTests */,
			);
		};
/* End PBXProject section */

/* Begin PBXResourcesBuildPhase section */
		65C8CDB31B414DBD009A1B6B /* Resources */ = {
			isa = PBXResourcesBuildPhase;
			buildActionMask = 2147483647;
			files = (
				65C8CDE81B414E24009A1B6B /* monkey.png in Resources */,
				65C8CDE61B414E24009A1B6B /* chomp.caf in Resources */,
				65C8CDC41B414DBD009A1B6B /* Main.storyboard in Resources */,
				65C8CDC91B414DBD009A1B6B /* LaunchScreen.xib in Resources */,
				65C8CDE91B414E24009A1B6B /* monkey@2x.png in Resources */,
				65C8CDE51B414E24009A1B6B /* banana@2x.png in Resources */,
				65C8CDE41B414E24009A1B6B /* banana.png in Resources */,
				65C8CDC61B414DBD009A1B6B /* Images.xcassets in Resources */,
				65C8CDE71B414E24009A1B6B /* hehehe1.caf in Resources */,
			);
			runOnlyForDeploymentPostprocessing = 0;
		};
		65C8CDCC1B414DBD009A1B6B /* Resources */ = {
			isa = PBXResourcesBuildPhase;
			buildActionMask = 2147483647;
			files = (
			);
			runOnlyForDeploymentPostprocessing = 0;
		};
/* End PBXResourcesBuildPhase section */

/* Begin PBXSourcesBuildPhase section */
		65C8CDB11B414DBD009A1B6B /* Sources */ = {
			isa = PBXSourcesBuildPhase;
			buildActionMask = 2147483647;
			files = (
				65C8CDC11B414DBD009A1B6B /* ViewController.m in Sources */,
				65C8CDBE1B414DBD009A1B6B /* AppDelegate.m in Sources */,
				65C8CDBB1B414DBD009A1B6B /* main.m in Sources */,
			);
			runOnlyForDeploymentPostprocessing = 0;
		};
		65C8CDCA1B414DBD009A1B6B /* Sources */ = {
			isa = PBXSourcesBuildPhase;
			buildActionMask = 2147483647;
			files = (
				65C8CDD51B414DBD009A1B6B /* GestureRecognizerLearningsTests.m in Sources */,
			);
			runOnlyForDeploymentPostprocessing = 0;
		};
/* End PBXSourcesBuildPhase section */

/* Begin PBXTargetDependency section */
		65C8CDD01B414DBD009A1B6B /* PBXTargetDependency */ = {
			isa = PBXTargetDependency;
			target = 65C8CDB41B414DBD009A1B6B /* GestureRecognizerLearnings */;
			targetProxy = 65C8CDCF1B414DBD009A1B6B /* PBXContainerItemProxy */;
		};
/* End PBXTargetDependency section */

/* Begin PBXVariantGroup section */
		65C8CDC21B414DBD009A1B6B /* Main.storyboard */ = {
			isa = PBXVariantGroup;
			children = (
				65C8CDC31B414DBD009A1B6B /* Base */,
			);
			name = Main.storyboard;
			sourceTree = "<group>";
		};
		65C8CDC71B414DBD009A1B6B /* LaunchScreen.xib */ = {
			isa = PBXVariantGroup;
			children = (
				65C8CDC81B414DBD009A1B6B /* Base */,
			);
			name = LaunchScreen.xib;
			sourceTree = "<group>";
		};
/* End PBXVariantGroup section */

/* Begin XCBuildConfiguration section */
		65C8CDD61B414DBD009A1B6B /* Debug */ = {
			isa = XCBuildConfiguration;
			buildSettings = {
				ALWAYS_SEARCH_USER_PATHS = NO;
				CLANG_CXX_LANGUAGE_STANDARD = "gnu++0x";
				CLANG_CXX_LIBRARY = "libc++";
				CLANG_ENABLE_MODULES = YES;
				CLANG_ENABLE_OBJC_ARC = YES;
				CLANG_WARN_BOOL_CONVERSION = YES;
				CLANG_WARN_CONSTANT_CONVERSION = YES;
				CLANG_WARN_DIRECT_OBJC_ISA_USAGE = YES_ERROR;
				CLANG_WARN_EMPTY_BODY = YES;
				CLANG_WARN_ENUM_CONVERSION = YES;
				CLANG_WARN_INT_CONVERSION = YES;
				CLANG_WARN_OBJC_ROOT_CLASS = YES_ERROR;
				CLANG_WARN_UNREACHABLE_CODE = YES;
				CLANG_WARN__DUPLICATE_METHOD_MATCH = YES;
				"CODE_SIGN_IDENTITY[sdk=iphoneos*]" = "iPhone Developer";
				COPY_PHASE_STRIP = NO;
				DEBUG_INFORMATION_FORMAT = "dwarf-with-dsym";
				ENABLE_STRICT_OBJC_MSGSEND = YES;
				GCC_C_LANGUAGE_STANDARD = gnu99;
				GCC_DYNAMIC_NO_PIC = NO;
				GCC_NO_COMMON_BLOCKS = YES;
				GCC_OPTIMIZATION_LEVEL = 0;
				GCC_PREPROCESSOR_DEFINITIONS = (
					"DEBUG=1",
					"$(inherited)",
				);
				GCC_SYMBOLS_PRIVATE_EXTERN = NO;
				GCC_WARN_64_TO_32_BIT_CONVERSION = YES;
				GCC_WARN_ABOUT_RETURN_TYPE = YES_ERROR;
				GCC_WARN_UNDECLARED_SELECTOR = YES;
				GCC_WARN_UNINITIALIZED_AUTOS = YES_AGGRESSIVE;
				GCC_WARN_UNUSED_FUNCTION = YES;
				GCC_WARN_UNUSED_VARIABLE = YES;
				IPHONEOS_DEPLOYMENT_TARGET = 8.3;
				MTL_ENABLE_DEBUG_INFO = YES;
				ONLY_ACTIVE_ARCH = YES;
				SDKROOT = iphoneos;
			};
			name = Debug;
		};
		65C8CDD71B414DBD009A1B6B /* Release */ = {
			isa = XCBuildConfiguration;
			buildSettings = {
				ALWAYS_SEARCH_USER_PATHS = NO;
				CLANG_CXX_LANGUAGE_STANDARD = "gnu++0x";
				CLANG_CXX_LIBRARY = "libc++";
				CLANG_ENABLE_MODULES = YES;
				CLANG_ENABLE_OBJC_ARC = YES;
				CLANG_WARN_BOOL_CONVERSION = YES;
				CLANG_WARN_CONSTANT_CONVERSION = YES;
				CLANG_WARN_DIRECT_OBJC_ISA_USAGE = YES_ERROR;
				CLANG_WARN_EMPTY_BODY = YES;
				CLANG_WARN_ENUM_CONVERSION = YES;
				CLANG_WARN_INT_CONVERSION = YES;
				CLANG_WARN_OBJC_ROOT_CLASS = YES_ERROR;
				CLANG_WARN_UNREACHABLE_CODE = YES;
				CLANG_WARN__DUPLICATE_METHOD_MATCH = YES;
				"CODE_SIGN_IDENTITY[sdk=iphoneos*]" = "iPhone Developer";
				COPY_PHASE_STRIP = NO;
				DEBUG_INFORMATION_FORMAT = "dwarf-with-dsym";
				ENABLE_NS_ASSERTIONS = NO;
				ENABLE_STRICT_OBJC_MSGSEND = YES;
				GCC_C_LANGUAGE_STANDARD = gnu99;
				GCC_NO_COMMON_BLOCKS = YES;
				GCC_WARN_64_TO_32_BIT_CONVERSION = YES;
				GCC_WARN_ABOUT_RETURN_TYPE = YES_ERROR;
				GCC_WARN_UNDECLARED_SELECTOR = YES;
				GCC_WARN_UNINITIALIZED_AUTOS = YES_AGGRESSIVE;
				GCC_WARN_UNUSED_FUNCTION = YES;
				GCC_WARN_UNUSED_VARIABLE = YES;
				IPHONEOS_DEPLOYMENT_TARGET = 8.3;
				MTL_ENABLE_DEBUG_INFO = NO;
				SDKROOT = iphoneos;
				VALIDATE_PRODUCT = YES;
			};
			name = Release;
		};
		65C8CDD91B414DBD009A1B6B /* Debug */ = {
			isa = XCBuildConfiguration;
			buildSettings = {
				ASSETCATALOG_COMPILER_APPICON_NAME = AppIcon;
				INFOPLIST_FILE = GestureRecognizerLearnings/Info.plist;
				LD_RUNPATH_SEARCH_PATHS = "$(inherited) @executable_path/Frameworks";
				PRODUCT_NAME = "$(TARGET_NAME)";
			};
			name = Debug;
		};
		65C8CDDA1B414DBD009A1B6B /* Release */ = {
			isa = XCBuildConfiguration;
			buildSettings = {
				ASSETCATALOG_COMPILER_APPICON_NAME = AppIcon;
				INFOPLIST_FILE = GestureRecognizerLearnings/Info.plist;
				LD_RUNPATH_SEARCH_PATHS = "$(inherited) @executable_path/Frameworks";
				PRODUCT_NAME = "$(TARGET_NAME)";
			};
			name = Release;
		};
		65C8CDDC1B414DBD009A1B6B /* Debug */ = {
			isa = XCBuildConfiguration;
			buildSettings = {
				BUNDLE_LOADER = "$(TEST_HOST)";
				FRAMEWORK_SEARCH_PATHS = (
					"$(SDKROOT)/Developer/Library/Frameworks",
					"$(inherited)",
				);
				GCC_PREPROCESSOR_DEFINITIONS = (
					"DEBUG=1",
					"$(inherited)",
				);
				INFOPLIST_FILE = GestureRecognizerLearningsTests/Info.plist;
				LD_RUNPATH_SEARCH_PATHS = "$(inherited) @executable_path/Frameworks @loader_path/Frameworks";
				PRODUCT_NAME = "$(TARGET_NAME)";
				TEST_HOST = "$(BUILT_PRODUCTS_DIR)/GestureRecognizerLearnings.app/GestureRecognizerLearnings";
			};
			name = Debug;
		};
		65C8CDDD1B414DBD009A1B6B /* Release */ = {
			isa = XCBuildConfiguration;
			buildSettings = {
				BUNDLE_LOADER = "$(TEST_HOST)";
				FRAMEWORK_SEARCH_PATHS = (
					"$(SDKROOT)/Developer/Library/Frameworks",
					"$(inherited)",
				);
				INFOPLIST_FILE = GestureRecognizerLearningsTests/Info.plist;
				LD_RUNPATH_SEARCH_PATHS = "$(inherited) @executable_path/Frameworks @loader_path/Frameworks";
				PRODUCT_NAME = "$(TARGET_NAME)";
				TEST_HOST = "$(BUILT_PRODUCTS_DIR)/GestureRecognizerLearnings.app/GestureRecognizerLearnings";
			};
			name = Release;
		};
/* End XCBuildConfiguration section */

/* Begin XCConfigurationList section */
		65C8CDB01B414DBD009A1B6B /* Build configuration list for PBXProject "GestureRecognizerLearnings" */ = {
			isa = XCConfigurationList;
			buildConfigurations = (
				65C8CDD61B414DBD009A1B6B /* Debug */,
				65C8CDD71B414DBD009A1B6B /* Release */,
			);
			defaultConfigurationIsVisible = 0;
			defaultConfigurationName = Release;
		};
		65C8CDD81B414DBD009A1B6B /* Build configuration list for PBXNativeTarget "GestureRecognizerLearnings" */ = {
			isa = XCConfigurationList;
			buildConfigurations = (
				65C8CDD91B414DBD009A1B6B /* Debug */,
				65C8CDDA1B414DBD009A1B6B /* Release */,
			);
			defaultConfigurationIsVisible = 0;
		};
		65C8CDDB1B414DBD009A1B6B /* Build configuration list for PBXNativeTarget "GestureRecognizerLearningsTests" */ = {
			isa = XCConfigurationList;
			buildConfigurations = (
				65C8CDDC1B414DBD009A1B6B /* Debug */,
				65C8CDDD1B414DBD009A1B6B /* Release */,
			);
			defaultConfigurationIsVisible = 0;
		};
/* End XCConfigurationList section */
	};
	rootObject = 65C8CDAD1B414DBD009A1B6B /* Project object */;
}
